
Microsoft Visual Studio Solution File, Format Version 12.00
# Visual Studio 15
VisualStudioVersion = 15.0.27428.2015
MinimumVisualStudioVersion = 10.0.40219.1
Project("{9A19103F-16F7-4668-BE54-9A1E7A4F7556}") = "Expenses.DataAccess", "Expenses.DataAccess\Expenses.DataAccess.csproj", "{2F85E6B2-D787-4F4B-86F0-E81589F40DF6}"
EndProject
Project("{9A19103F-16F7-4668-BE54-9A1E7A4F7556}") = "Expenses.Test", "Expenses.Test\Expenses.Test.csproj", "{225CDB9E-8D8F-41DD-B470-666AA9E9F2AA}"
EndProject
Project("{9A19103F-16F7-4668-BE54-9A1E7A4F7556}") = "Expenses.WebApp", "Expenses.WebApp\Expenses.WebApp.csproj", "{55073154-D703-45D5-9F12-981D4AD63946}"
EndProject
Global
	GlobalSection(SolutionConfigurationPlatforms) = preSolution
		Debug|Any CPU = Debug|Any CPU
		Release|Any CPU = Release|Any CPU
	EndGlobalSection
	GlobalSection(ProjectConfigurationPlatforms) = postSolution
		{2F85E6B2-D787-4F4B-86F0-E81589F40DF6}.Debug|Any CPU.ActiveCfg = Debug|Any CPU
		{2F85E6B2-D787-4F4B-86F0-E81589F40DF6}.Debug|Any CPU.Build.0 = Debug|Any CPU
		{2F85E6B2-D787-4F4B-86F0-E81589F40DF6}.Release|Any CPU.ActiveCfg = Release|Any CPU
		{2F85E6B2-D787-4F4B-86F0-E81589F40DF6}.Release|Any CPU.Build.0 = Release|Any CPU
		{225CDB9E-8D8F-41DD-B470-666AA9E9F2AA}.Debug|Any CPU.ActiveCfg = Debug|Any CPU
		{225CDB9E-8D8F-41DD-B470-666AA9E9F2AA}.Debug|Any CPU.Build.0 = Debug|Any CPU
		{225CDB9E-8D8F-41DD-B470-666AA9E9F2AA}.Release|Any CPU.ActiveCfg = Release|Any CPU
		{225CDB9E-8D8F-41DD-B470-666AA9E9F2AA}.Release|Any CPU.Build.0 = Release|Any CPU
		{55073154-D703-45D5-9F12-981D4AD63946}.Debug|Any CPU.ActiveCfg = Debug|Any CPU
		{55073154-D703-45D5-9F12-981D4AD63946}.Debug|Any CPU.Build.0 = Debug|Any CPU
		{55073154-D703-45D5-9F12-981D4AD63946}.Release|Any CPU.ActiveCfg = Release|Any CPU
		{55073154-D703-45D5-9F12-981D4AD63946}.Release|Any CPU.Build.0 = Release|Any CPU
	EndGlobalSection
	GlobalSection(SolutionProperties) = preSolution
		HideSolutionNode = FALSE
	EndGlobalSection
	GlobalSection(ExtensibilityGlobals) = postSolution
		SolutionGuid = {0A25D8A8-D5E1-4F49-8770-56FA80917020}
	EndGlobalSection
EndGlobal
