
Microsoft Visual Studio Solution File, Format Version 12.00
# Visual Studio 15
VisualStudioVersion = 15.0.27428.2043
MinimumVisualStudioVersion = 10.0.40219.1
Project("{D2ABAB84-BF74-430A-B69E-9DC6D40DDA17}") = "expenses", "expenses\expenses.dwproj", "{295D1408-A8C5-4C94-AACD-CE280954F368}"
EndProject
Global
	GlobalSection(SolutionConfigurationPlatforms) = preSolution
		Development|Default = Development|Default
	EndGlobalSection
	GlobalSection(ProjectConfigurationPlatforms) = postSolution
		{295D1408-A8C5-4C94-AACD-CE280954F368}.Development|Default.ActiveCfg = Development
		{295D1408-A8C5-4C94-AACD-CE280954F368}.Development|Default.Build.0 = Development
		{295D1408-A8C5-4C94-AACD-CE280954F368}.Development|Default.Deploy.0 = Development
	EndGlobalSection
	GlobalSection(SolutionProperties) = preSolution
		HideSolutionNode = FALSE
	EndGlobalSection
	GlobalSection(ExtensibilityGlobals) = postSolution
		SolutionGuid = {D5216AE8-FF31-4975-A68C-A8961C841570}
	EndGlobalSection
EndGlobal
